# This file is automatically @generated by Cargo.
# It is not intended for manual editing.
version = 4

[[package]]
name = "rux-arch"
version = "0.6.0"
dependencies = [
 "rux-klib",
]

[[package]]
name = "rux-boot"
version = "0.6.0"
dependencies = [
 "rux-klib",
]

[[package]]
name = "rux-drivers"
version = "0.6.0"

[[package]]
name = "rux-elf"
version = "0.6.0"
dependencies = [
 "rux-klib",
 "rux-mm",
]

[[package]]
name = "rux-fs"
version = "0.6.0"
dependencies = [
 "rux-klib",
 "rux-mm",
]

[[package]]
name = "rux-ipc"
version = "0.6.0"
dependencies = [
 "rux-fs",
]

[[package]]
name = "rux-kernel"
version = "0.6.0"
dependencies = [
 "rux-arch",
 "rux-boot",
 "rux-elf",
 "rux-fs",
 "rux-ipc",
 "rux-klib",
 "rux-mm",
 "rux-proc",
 "rux-sched",
]

[[package]]
name = "rux-klib"
version = "0.6.0"

[[package]]
name = "rux-mm"
version = "0.6.0"
dependencies = [
 "rux-arch",
 "rux-klib",
]

[[package]]
name = "rux-net"
version = "0.6.0"

[[package]]
name = "rux-proc"
version = "0.6.0"
dependencies = [
 "rux-arch",
 "rux-klib",
 "rux-mm",
 "rux-sched",
]

[[package]]
name = "rux-sched"
version = "0.6.0"

[[package]]
name = "rux-sync"
version = "0.6.0"
dependencies = [
 "rux-arch",
]

[[package]]
name = "rux-syscall"
version = "0.6.0"
