# This file is automatically @generated by Cargo.
# It is not intended for manual editing.
version = 4

[[package]]
name = "rux-arch"
version = "0.1.0"
dependencies = [
 "rux-klib",
]

[[package]]
name = "rux-boot"
version = "0.1.0"
dependencies = [
 "rux-klib",
]

[[package]]
name = "rux-drivers"
version = "0.1.0"

[[package]]
name = "rux-ipc"
version = "0.1.0"
dependencies = [
 "rux-klib",
]

[[package]]
name = "rux-klib"
version = "0.1.0"

[[package]]
name = "rux-mm"
version = "0.1.0"
dependencies = [
 "rux-arch",
 "rux-klib",
]

[[package]]
name = "rux-net"
version = "0.1.0"

[[package]]
name = "rux-proc"
version = "0.1.0"
dependencies = [
 "rux-klib",
 "rux-sched",
]

[[package]]
name = "rux-sched"
version = "0.1.0"

[[package]]
name = "rux-sync"
version = "0.1.0"

[[package]]
name = "rux-syscall"
version = "0.1.0"

[[package]]
name = "rux-vfs"
version = "0.1.0"
